// !$*UTF8*$!
{
	archiveVersion = 1;
	classes = {
	};
	objectVersion = 48;
	objects = {

/* Begin PBXBuildFile section */
		C6318CF32044F6BB007AC12A /* DisplayAnimationViewController.swift in Sources */ = {isa = PBXBuildFile; fileRef = C6318CEA2044F6BA007AC12A /* DisplayAnimationViewController.swift */; };
		C6318CF52044F6BB007AC12A /* ViewController.swift in Sources */ = {isa = PBXBuildFile; fileRef = C6318CEC2044F6BA007AC12A /* ViewController.swift */; };
		C6318CF62044F6BB007AC12A /* LaunchScreen.storyboard in Resources */ = {isa = PBXBuildFile; fileRef = C6318CEE2044F6BA007AC12A /* LaunchScreen.storyboard */; };
		C6318CF72044F6BB007AC12A /* Assets.xcassets in Resources */ = {isa = PBXBuildFile; fileRef = C6318CEF2044F6BA007AC12A /* Assets.xcassets */; };
		C6318CF82044F6BB007AC12A /* model.scnassets in Resources */ = {isa = PBXBuildFile; fileRef = C6318CF02044F6BA007AC12A /* model.scnassets */; };
		C6318CF92044F6BB007AC12A /* AppDelegate.swift in Sources */ = {isa = PBXBuildFile; fileRef = C6318CF12044F6BA007AC12A /* AppDelegate.swift */; };
		C6318CFA2044F6BB007AC12A /* Main.storyboard in Resources */ = {isa = PBXBuildFile; fileRef = C6318CF22044F6BB007AC12A /* Main.storyboard */; };
		CEC3DE7608D0F4AF2261DC86 /* Pods_SeaWorld_AR_Demo.framework in Frameworks */ = {isa = PBXBuildFile; fileRef = 28472D1E1B4798698D897C6A /* Pods_SeaWorld_AR_Demo.framework */; };
/* End PBXBuildFile section */

/* Begin PBXFileReference section */
		28472D1E1B4798698D897C6A /* Pods_SeaWorld_AR_Demo.framework */ = {isa = PBXFileReference; explicitFileType = wrapper.framework; includeInIndex = 0; path = Pods_SeaWorld_AR_Demo.framework; sourceTree = BUILT_PRODUCTS_DIR; };
		38F31D7E87EDDFFAFFA6803F /* Pods-SeaWorld-AR-Demo.debug.xcconfig */ = {isa = PBXFileReference; includeInIndex = 1; lastKnownFileType = text.xcconfig; name = "Pods-SeaWorld-AR-Demo.debug.xcconfig"; path = "Pods/Target Support Files/Pods-SeaWorld-AR-Demo/Pods-SeaWorld-AR-Demo.debug.xcconfig"; sourceTree = "<group>"; };
		6F16FE31BB42E6AFD38C98E3 /* Pods-SeaWorld-AR-Demo.release.xcconfig */ = {isa = PBXFileReference; includeInIndex = 1; lastKnownFileType = text.xcconfig; name = "Pods-SeaWorld-AR-Demo.release.xcconfig"; path = "Pods/Target Support Files/Pods-SeaWorld-AR-Demo/Pods-SeaWorld-AR-Demo.release.xcconfig"; sourceTree = "<group>"; };
		C6318CD52044F226007AC12A /* SeaWorld-AR-Demo.app */ = {isa = PBXFileReference; explicitFileType = wrapper.application; includeInIndex = 0; path = "SeaWorld-AR-Demo.app"; sourceTree = BUILT_PRODUCTS_DIR; };
		C6318CEA2044F6BA007AC12A /* DisplayAnimationViewController.swift */ = {isa = PBXFileReference; fileEncoding = 4; lastKnownFileType = sourcecode.swift; path = DisplayAnimationViewController.swift; sourceTree = "<group>"; };
		C6318CEB2044F6BA007AC12A /* Info.plist */ = {isa = PBXFileReference; fileEncoding = 4; lastKnownFileType = text.plist.xml; path = Info.plist; sourceTree = "<group>"; };
		C6318CEC2044F6BA007AC12A /* ViewController.swift */ = {isa = PBXFileReference; fileEncoding = 4; lastKnownFileType = sourcecode.swift; path = ViewController.swift; sourceTree = "<group>"; };
		C6318CEE2044F6BA007AC12A /* LaunchScreen.storyboard */ = {isa = PBXFileReference; fileEncoding = 4; lastKnownFileType = file.storyboard; path = LaunchScreen.storyboard; sourceTree = "<group>"; };
		C6318CEF2044F6BA007AC12A /* Assets.xcassets */ = {isa = PBXFileReference; lastKnownFileType = folder.assetcatalog; path = Assets.xcassets; sourceTree = "<group>"; };
		C6318CF02044F6BA007AC12A /* model.scnassets */ = {isa = PBXFileReference; lastKnownFileType = wrapper.scnassets; path = model.scnassets; sourceTree = "<group>"; };
		C6318CF12044F6BA007AC12A /* AppDelegate.swift */ = {isa = PBXFileReference; fileEncoding = 4; lastKnownFileType = sourcecode.swift; path = AppDelegate.swift; sourceTree = "<group>"; };
		C6318CF22044F6BB007AC12A /* Main.storyboard */ = {isa = PBXFileReference; fileEncoding = 4; lastKnownFileType = file.storyboard; path = Main.storyboard; sourceTree = "<group>"; };
/* End PBXFileReference section */

/* Begin PBXFrameworksBuildPhase section */
		C6318CD22044F226007AC12A /* Frameworks */ = {
			isa = PBXFrameworksBuildPhase;
			buildActionMask = 2147483647;
			files = (
				CEC3DE7608D0F4AF2261DC86 /* Pods_SeaWorld_AR_Demo.framework in Frameworks */,
			);
			runOnlyForDeploymentPostprocessing = 0;
		};
/* End PBXFrameworksBuildPhase section */

/* Begin PBXGroup section */
		08AA4295BF746A6706269524 /* Pods */ = {
			isa = PBXGroup;
			children = (
				38F31D7E87EDDFFAFFA6803F /* Pods-SeaWorld-AR-Demo.debug.xcconfig */,
				6F16FE31BB42E6AFD38C98E3 /* Pods-SeaWorld-AR-Demo.release.xcconfig */,
			);
			name = Pods;
			sourceTree = "<group>";
		};
		9249B3F36EF5793EF856482D /* Frameworks */ = {
			isa = PBXGroup;
			children = (
				28472D1E1B4798698D897C6A /* Pods_SeaWorld_AR_Demo.framework */,
			);
			name = Frameworks;
			sourceTree = "<group>";
		};
		C6318CCC2044F226007AC12A = {
			isa = PBXGroup;
			children = (
				C6318CD72044F226007AC12A /* SeaWorld-AR-Demo */,
				C6318CD62044F226007AC12A /* Products */,
				08AA4295BF746A6706269524 /* Pods */,
				9249B3F36EF5793EF856482D /* Frameworks */,
			);
			sourceTree = "<group>";
		};
		C6318CD62044F226007AC12A /* Products */ = {
			isa = PBXGroup;
			children = (
				C6318CD52044F226007AC12A /* SeaWorld-AR-Demo.app */,
			);
			name = Products;
			sourceTree = "<group>";
		};
		C6318CD72044F226007AC12A /* SeaWorld-AR-Demo */ = {
			isa = PBXGroup;
			children = (
				C6318CF12044F6BA007AC12A /* AppDelegate.swift */,
				C6318CEA2044F6BA007AC12A /* DisplayAnimationViewController.swift */,
				C6318CEB2044F6BA007AC12A /* Info.plist */,
				C6318CF22044F6BB007AC12A /* Main.storyboard */,
				C6318CED2044F6BA007AC12A /* Resources */,
				C6318CEC2044F6BA007AC12A /* ViewController.swift */,
			);
			path = "SeaWorld-AR-Demo";
			sourceTree = "<group>";
		};
		C6318CED2044F6BA007AC12A /* Resources */ = {
			isa = PBXGroup;
			children = (
				C6318CEE2044F6BA007AC12A /* LaunchScreen.storyboard */,
				C6318CEF2044F6BA007AC12A /* Assets.xcassets */,
				C6318CF02044F6BA007AC12A /* model.scnassets */,
			);
			path = Resources;
			sourceTree = "<group>";
		};
/* End PBXGroup section */

/* Begin PBXNativeTarget section */
		C6318CD42044F226007AC12A /* SeaWorld-AR-Demo */ = {
			isa = PBXNativeTarget;
			buildConfigurationList = C6318CE72044F226007AC12A /* Build configuration list for PBXNativeTarget "SeaWorld-AR-Demo" */;
			buildPhases = (
				99F98BAAA66559925007BED1 /* [CP] Check Pods Manifest.lock */,
				C6318CD12044F226007AC12A /* Sources */,
				C6318CD22044F226007AC12A /* Frameworks */,
				C6318CD32044F226007AC12A /* Resources */,
				755D90AAFB8A3176D0DE0F02 /* [CP] Embed Pods Frameworks */,
				DECF47D343CBB7037646E47F /* [CP] Copy Pods Resources */,
			);
			buildRules = (
			);
			dependencies = (
			);
			name = "SeaWorld-AR-Demo";
			productName = "SeaWorld-AR-Demo";
			productReference = C6318CD52044F226007AC12A /* SeaWorld-AR-Demo.app */;
			productType = "com.apple.product-type.application";
		};
/* End PBXNativeTarget section */

/* Begin PBXProject section */
		C6318CCD2044F226007AC12A /* Project object */ = {
			isa = PBXProject;
			attributes = {
				LastSwiftUpdateCheck = 0920;
				LastUpgradeCheck = 0920;
				ORGANIZATIONNAME = Bswarm;
				TargetAttributes = {
					C6318CD42044F226007AC12A = {
						CreatedOnToolsVersion = 9.2;
						LastSwiftMigration = 0920;
						ProvisioningStyle = Automatic;
					};
				};
			};
			buildConfigurationList = C6318CD02044F226007AC12A /* Build configuration list for PBXProject "SeaWorld-AR-Demo" */;
			compatibilityVersion = "Xcode 8.0";
			developmentRegion = en;
			hasScannedForEncodings = 0;
			knownRegions = (
				en,
				Base,
			);
			mainGroup = C6318CCC2044F226007AC12A;
			productRefGroup = C6318CD62044F226007AC12A /* Products */;
			projectDirPath = "";
			projectRoot = "";
			targets = (
				C6318CD42044F226007AC12A /* SeaWorld-AR-Demo */,
			);
		};
/* End PBXProject section */

/* Begin PBXResourcesBuildPhase section */
		C6318CD32044F226007AC12A /* Resources */ = {
			isa = PBXResourcesBuildPhase;
			buildActionMask = 2147483647;
			files = (
				C6318CFA2044F6BB007AC12A /* Main.storyboard in Resources */,
				C6318CF82044F6BB007AC12A /* model.scnassets in Resources */,
				C6318CF72044F6BB007AC12A /* Assets.xcassets in Resources */,
				C6318CF62044F6BB007AC12A /* LaunchScreen.storyboard in Resources */,
			);
			runOnlyForDeploymentPostprocessing = 0;
		};
/* End PBXResourcesBuildPhase section */

/* Begin PBXShellScriptBuildPhase section */
		755D90AAFB8A3176D0DE0F02 /* [CP] Embed Pods Frameworks */ = {
			isa = PBXShellScriptBuildPhase;
			buildActionMask = 2147483647;
			files = (
			);
			inputPaths = (
				"${SRCROOT}/Pods/Target Support Files/Pods-SeaWorld-AR-Demo/Pods-SeaWorld-AR-Demo-frameworks.sh",
				"${BUILT_PRODUCTS_DIR}/BrightFutures/BrightFutures.framework",
				"${BUILT_PRODUCTS_DIR}/Result/Result.framework",
				"${BUILT_PRODUCTS_DIR}/SCNVideoWriter/SCNVideoWriter.framework",
				"${BUILT_PRODUCTS_DIR}/SSZipArchive/SSZipArchive.framework",
				"${PODS_ROOT}/SeaworldARFramework/BswarmFramework.framework",
				"${PODS_ROOT}/SeaworldARFramework/SeaworldARFramework.framework",
				"${BUILT_PRODUCTS_DIR}/Spine/Spine.framework",
				"${BUILT_PRODUCTS_DIR}/SwiftyJSON/SwiftyJSON.framework",
			);
			name = "[CP] Embed Pods Frameworks";
			outputPaths = (
				"${TARGET_BUILD_DIR}/${FRAMEWORKS_FOLDER_PATH}/BrightFutures.framework",
				"${TARGET_BUILD_DIR}/${FRAMEWORKS_FOLDER_PATH}/Result.framework",
				"${TARGET_BUILD_DIR}/${FRAMEWORKS_FOLDER_PATH}/SCNVideoWriter.framework",
				"${TARGET_BUILD_DIR}/${FRAMEWORKS_FOLDER_PATH}/SSZipArchive.framework",
				"${TARGET_BUILD_DIR}/${FRAMEWORKS_FOLDER_PATH}/BswarmFramework.framework",
				"${TARGET_BUILD_DIR}/${FRAMEWORKS_FOLDER_PATH}/SeaworldARFramework.framework",
				"${TARGET_BUILD_DIR}/${FRAMEWORKS_FOLDER_PATH}/Spine.framework",
				"${TARGET_BUILD_DIR}/${FRAMEWORKS_FOLDER_PATH}/SwiftyJSON.framework",
			);
			runOnlyForDeploymentPostprocessing = 0;
			shellPath = /bin/sh;
			shellScript = "\"${SRCROOT}/Pods/Target Support Files/Pods-SeaWorld-AR-Demo/Pods-SeaWorld-AR-Demo-frameworks.sh\"\n";
			showEnvVarsInLog = 0;
		};
		99F98BAAA66559925007BED1 /* [CP] Check Pods Manifest.lock */ = {
			isa = PBXShellScriptBuildPhase;
			buildActionMask = 2147483647;
			files = (
			);
			inputPaths = (
				"${PODS_PODFILE_DIR_PATH}/Podfile.lock",
				"${PODS_ROOT}/Manifest.lock",
			);
			name = "[CP] Check Pods Manifest.lock";
			outputPaths = (
				"$(DERIVED_FILE_DIR)/Pods-SeaWorld-AR-Demo-checkManifestLockResult.txt",
			);
			runOnlyForDeploymentPostprocessing = 0;
			shellPath = /bin/sh;
			shellScript = "diff \"${PODS_PODFILE_DIR_PATH}/Podfile.lock\" \"${PODS_ROOT}/Manifest.lock\" > /dev/null\nif [ $? != 0 ] ; then\n    # print error to STDERR\n    echo \"error: The sandbox is not in sync with the Podfile.lock. Run 'pod install' or update your CocoaPods installation.\" >&2\n    exit 1\nfi\n# This output is used by Xcode 'outputs' to avoid re-running this script phase.\necho \"SUCCESS\" > \"${SCRIPT_OUTPUT_FILE_0}\"\n";
			showEnvVarsInLog = 0;
		};
		DECF47D343CBB7037646E47F /* [CP] Copy Pods Resources */ = {
			isa = PBXShellScriptBuildPhase;
			buildActionMask = 2147483647;
			files = (
			);
			inputPaths = (
			);
			name = "[CP] Copy Pods Resources";
			outputPaths = (
			);
			runOnlyForDeploymentPostprocessing = 0;
			shellPath = /bin/sh;
			shellScript = "\"${SRCROOT}/Pods/Target Support Files/Pods-SeaWorld-AR-Demo/Pods-SeaWorld-AR-Demo-resources.sh\"\n";
			showEnvVarsInLog = 0;
		};
/* End PBXShellScriptBuildPhase section */

/* Begin PBXSourcesBuildPhase section */
		C6318CD12044F226007AC12A /* Sources */ = {
			isa = PBXSourcesBuildPhase;
			buildActionMask = 2147483647;
			files = (
				C6318CF92044F6BB007AC12A /* AppDelegate.swift in Sources */,
				C6318CF52044F6BB007AC12A /* ViewController.swift in Sources */,
				C6318CF32044F6BB007AC12A /* DisplayAnimationViewController.swift in Sources */,
			);
			runOnlyForDeploymentPostprocessing = 0;
		};
/* End PBXSourcesBuildPhase section */

/* Begin XCBuildConfiguration section */
		C6318CE52044F226007AC12A /* Debug */ = {
			isa = XCBuildConfiguration;
			buildSettings = {
				ALWAYS_SEARCH_USER_PATHS = NO;
				CLANG_ANALYZER_NONNULL = YES;
				CLANG_ANALYZER_NUMBER_OBJECT_CONVERSION = YES_AGGRESSIVE;
				CLANG_CXX_LANGUAGE_STANDARD = "gnu++14";
				CLANG_CXX_LIBRARY = "libc++";
				CLANG_ENABLE_MODULES = YES;
				CLANG_ENABLE_OBJC_ARC = YES;
				CLANG_WARN_BLOCK_CAPTURE_AUTORELEASING = YES;
				CLANG_WARN_BOOL_CONVERSION = YES;
				CLANG_WARN_COMMA = YES;
				CLANG_WARN_CONSTANT_CONVERSION = YES;
				CLANG_WARN_DIRECT_OBJC_ISA_USAGE = YES_ERROR;
				CLANG_WARN_DOCUMENTATION_COMMENTS = YES;
				CLANG_WARN_EMPTY_BODY = YES;
				CLANG_WARN_ENUM_CONVERSION = YES;
				CLANG_WARN_INFINITE_RECURSION = YES;
				CLANG_WARN_INT_CONVERSION = YES;
				CLANG_WARN_NON_LITERAL_NULL_CONVERSION = YES;
				CLANG_WARN_OBJC_LITERAL_CONVERSION = YES;
				CLANG_WARN_OBJC_ROOT_CLASS = YES_ERROR;
				CLANG_WARN_RANGE_LOOP_ANALYSIS = YES;
				CLANG_WARN_STRICT_PROTOTYPES = YES;
				CLANG_WARN_SUSPICIOUS_MOVE = YES;
				CLANG_WARN_UNGUARDED_AVAILABILITY = YES_AGGRESSIVE;
				CLANG_WARN_UNREACHABLE_CODE = YES;
				CLANG_WARN__DUPLICATE_METHOD_MATCH = YES;
				CODE_SIGN_IDENTITY = "iPhone Developer";
				COPY_PHASE_STRIP = NO;
				DEBUG_INFORMATION_FORMAT = dwarf;
				ENABLE_STRICT_OBJC_MSGSEND = YES;
				ENABLE_TESTABILITY = YES;
				GCC_C_LANGUAGE_STANDARD = gnu11;
				GCC_DYNAMIC_NO_PIC = NO;
				GCC_NO_COMMON_BLOCKS = YES;
				GCC_OPTIMIZATION_LEVEL = 0;
				GCC_PREPROCESSOR_DEFINITIONS = (
					"DEBUG=1",
					"$(inherited)",
				);
				GCC_WARN_64_TO_32_BIT_CONVERSION = YES;
				GCC_WARN_ABOUT_RETURN_TYPE = YES_ERROR;
				GCC_WARN_UNDECLARED_SELECTOR = YES;
				GCC_WARN_UNINITIALIZED_AUTOS = YES_AGGRESSIVE;
				GCC_WARN_UNUSED_FUNCTION = YES;
				GCC_WARN_UNUSED_VARIABLE = YES;
				IPHONEOS_DEPLOYMENT_TARGET = 11.2;
				MTL_ENABLE_DEBUG_INFO = YES;
				ONLY_ACTIVE_ARCH = YES;
				SDKROOT = iphoneos;
				SWIFT_ACTIVE_COMPILATION_CONDITIONS = DEBUG;
				SWIFT_OPTIMIZATION_LEVEL = "-Onone";
			};
			name = Debug;
		};
		C6318CE62044F226007AC12A /* Release */ = {
			isa = XCBuildConfiguration;
			buildSettings = {
				ALWAYS_SEARCH_USER_PATHS = NO;
				CLANG_ANALYZER_NONNULL = YES;
				CLANG_ANALYZER_NUMBER_OBJECT_CONVERSION = YES_AGGRESSIVE;
				CLANG_CXX_LANGUAGE_STANDARD = "gnu++14";
				CLANG_CXX_LIBRARY = "libc++";
				CLANG_ENABLE_MODULES = YES;
				CLANG_ENABLE_OBJC_ARC = YES;
				CLANG_WARN_BLOCK_CAPTURE_AUTORELEASING = YES;
				CLANG_WARN_BOOL_CONVERSION = YES;
				CLANG_WARN_COMMA = YES;
				CLANG_WARN_CONSTANT_CONVERSION = YES;
				CLANG_WARN_DIRECT_OBJC_ISA_USAGE = YES_ERROR;
				CLANG_WARN_DOCUMENTATION_COMMENTS = YES;
				CLANG_WARN_EMPTY_BODY = YES;
				CLANG_WARN_ENUM_CONVERSION = YES;
				CLANG_WARN_INFINITE_RECURSION = YES;
				CLANG_WARN_INT_CONVERSION = YES;
				CLANG_WARN_NON_LITERAL_NULL_CONVERSION = YES;
				CLANG_WARN_OBJC_LITERAL_CONVERSION = YES;
				CLANG_WARN_OBJC_ROOT_CLASS = YES_ERROR;
				CLANG_WARN_RANGE_LOOP_ANALYSIS = YES;
				CLANG_WARN_STRICT_PROTOTYPES = YES;
				CLANG_WARN_SUSPICIOUS_MOVE = YES;
				CLANG_WARN_UNGUARDED_AVAILABILITY = YES_AGGRESSIVE;
				CLANG_WARN_UNREACHABLE_CODE = YES;
				CLANG_WARN__DUPLICATE_METHOD_MATCH = YES;
				CODE_SIGN_IDENTITY = "iPhone Developer";
				COPY_PHASE_STRIP = NO;
				DEBUG_INFORMATION_FORMAT = "dwarf-with-dsym";
				ENABLE_NS_ASSERTIONS = NO;
				ENABLE_STRICT_OBJC_MSGSEND = YES;
				GCC_C_LANGUAGE_STANDARD = gnu11;
				GCC_NO_COMMON_BLOCKS = YES;
				GCC_WARN_64_TO_32_BIT_CONVERSION = YES;
				GCC_WARN_ABOUT_RETURN_TYPE = YES_ERROR;
				GCC_WARN_UNDECLARED_SELECTOR = YES;
				GCC_WARN_UNINITIALIZED_AUTOS = YES_AGGRESSIVE;
				GCC_WARN_UNUSED_FUNCTION = YES;
				GCC_WARN_UNUSED_VARIABLE = YES;
				IPHONEOS_DEPLOYMENT_TARGET = 11.2;
				MTL_ENABLE_DEBUG_INFO = NO;
				SDKROOT = iphoneos;
				SWIFT_OPTIMIZATION_LEVEL = "-Owholemodule";
				VALIDATE_PRODUCT = YES;
			};
			name = Release;
		};
		C6318CE82044F226007AC12A /* Debug */ = {
			isa = XCBuildConfiguration;
			baseConfigurationReference = 38F31D7E87EDDFFAFFA6803F /* Pods-SeaWorld-AR-Demo.debug.xcconfig */;
			buildSettings = {
				ASSETCATALOG_COMPILER_APPICON_NAME = AppIcon;
				CLANG_ENABLE_MODULES = YES;
				CODE_SIGN_STYLE = Automatic;
				DEVELOPMENT_TEAM = DFA43C329P;
				INFOPLIST_FILE = "SeaWorld-AR-Demo/Info.plist";
				LD_RUNPATH_SEARCH_PATHS = "$(inherited) @executable_path/Frameworks";
				PRODUCT_BUNDLE_IDENTIFIER = "au.com.bswarm.SeaWorld-AR-Demo";
				PRODUCT_NAME = "$(TARGET_NAME)";
				SWIFT_OPTIMIZATION_LEVEL = "-Onone";
				SWIFT_VERSION = 4.0;
				TARGETED_DEVICE_FAMILY = "1,2";
			};
			name = Debug;
		};
		C6318CE92044F226007AC12A /* Release */ = {
			isa = XCBuildConfiguration;
			baseConfigurationReference = 6F16FE31BB42E6AFD38C98E3 /* Pods-SeaWorld-AR-Demo.release.xcconfig */;
			buildSettings = {
				ASSETCATALOG_COMPILER_APPICON_NAME = AppIcon;
				CLANG_ENABLE_MODULES = YES;
				CODE_SIGN_STYLE = Automatic;
				DEVELOPMENT_TEAM = DFA43C329P;
				INFOPLIST_FILE = "SeaWorld-AR-Demo/Info.plist";
				LD_RUNPATH_SEARCH_PATHS = "$(inherited) @executable_path/Frameworks";
				PRODUCT_BUNDLE_IDENTIFIER = "au.com.bswarm.SeaWorld-AR-Demo";
				PRODUCT_NAME = "$(TARGET_NAME)";
				SWIFT_VERSION = 4.0;
				TARGETED_DEVICE_FAMILY = "1,2";
			};
			name = Release;
		};
/* End XCBuildConfiguration section */

/* Begin XCConfigurationList section */
		C6318CD02044F226007AC12A /* Build configuration list for PBXProject "SeaWorld-AR-Demo" */ = {
			isa = XCConfigurationList;
			buildConfigurations = (
				C6318CE52044F226007AC12A /* Debug */,
				C6318CE62044F226007AC12A /* Release */,
			);
			defaultConfigurationIsVisible = 0;
			defaultConfigurationName = Release;
		};
		C6318CE72044F226007AC12A /* Build configuration list for PBXNativeTarget "SeaWorld-AR-Demo" */ = {
			isa = XCConfigurationList;
			buildConfigurations = (
				C6318CE82044F226007AC12A /* Debug */,
				C6318CE92044F226007AC12A /* Release */,
			);
			defaultConfigurationIsVisible = 0;
			defaultConfigurationName = Release;
		};
/* End XCConfigurationList section */
	};
	rootObject = C6318CCD2044F226007AC12A /* Project object */;
}
