PODS:
  - BrightFutures (6.0.1):
    - Result (~> 3.2.4)
  - FLAnimatedImage (1.0.12)
  - NYTPhotoViewer (2.0.0):
    - NYTPhotoViewer/AnimatedGifSupport (= 2.0.0)
    - NYTPhotoViewer/Core (= 2.0.0)
  - NYTPhotoViewer/AnimatedGifSupport (2.0.0):
    - FLAnimatedImage (~> 1.0.12)
    - NYTPhotoViewer/Core
  - NYTPhotoViewer/Core (2.0.0)
  - Result (3.2.4)
  - SCNVideoWriter (0.5.0)
  - SeaworldARFramework (1.0.0):
    - NYTPhotoViewer
    - Result
    - SCNVideoWriter
    - Spine
    - SSZipArchive (~> 1.6.2)
  - Spine (0.4):
    - BrightFutures
    - SwiftyJSON
  - SSZipArchive (1.6.2)
  - SwiftyJSON (4.0.0)

DEPENDENCIES:
  - SCNVideoWriter (from `https://github.com/Papercloud/SCNVideoWriter.git`)
  - SeaworldARFramework (from `https://github.com/Papercloud/SeaWorldARExperience.git`)
  - Spine (from `https://github.com/json-api-ios/Spine.git`)

EXTERNAL SOURCES:
  SCNVideoWriter:
    :git: https://github.com/Papercloud/SCNVideoWriter.git
  SeaworldARFramework:
    :git: https://github.com/Papercloud/SeaWorldARExperience.git
  Spine:
    :git: https://github.com/json-api-ios/Spine.git

CHECKOUT OPTIONS:
  SCNVideoWriter:
    :commit: 7709067b1bfd866e0fc9d02949c70370501594f0
    :git: https://github.com/Papercloud/SCNVideoWriter.git
  SeaworldARFramework:
    :commit: fd723addc29f0ee47d7164a483768fa936a41660
    :git: https://github.com/Papercloud/SeaWorldARExperience.git
  Spine:
    :commit: 0eea26afba5f4b53c25e27123f68a4584000974a
    :git: https://github.com/json-api-ios/Spine.git

SPEC CHECKSUMS:
  BrightFutures: 9c03dab79e73ffe504b7bafc15c5bfdaeee54890
  FLAnimatedImage: 4a0b56255d9b05f18b6dd7ee06871be5d3b89e31
  NYTPhotoViewer: 34b8bd6bcc297466adec1668f9a01249d73c90e6
  Result: d2d07204ce72856f1fd9130bbe42c35a7b0fea10
  SCNVideoWriter: cc277dde2b4cc905d06f0a262f1f50b777e7a32d
  SeaworldARFramework: 1a84c62e4e9b063cd48b8ae8b1a6f339ee51faf7
  Spine: b6cd2409c852db86c6c446c5777690183499764f
  SSZipArchive: 428eb1ac8d37dd133404d30f422b23958c1f9acc
  SwiftyJSON: 070dabdcb1beb81b247c65ffa3a79dbbfb3b48aa

PODFILE CHECKSUM: e5855fcfd4989f6fbed2d665062dc6eecb7227ab

COCOAPODS: 1.4.0
